
Microsoft Visual Studio Solution File, Format Version 12.00
# Visual Studio Version 16
VisualStudioVersion = 16.0.30104.148
MinimumVisualStudioVersion = 10.0.40219.1
Project("{9A19103F-16F7-4668-BE54-9A1E7A4F7556}") = "Presentations.Api", "Presentation\Presentations.Api\Presentations.Api.csproj", "{6E395F5F-97A8-41B2-AB63-74CD2968721B}"
EndProject
Project("{2150E333-8FDC-42A3-9474-1A3956D46DE8}") = "Presentations", "Presentations", "{7A686BF3-3A7B-4FF2-99BC-53BE5D31F3AC}"
EndProject
Project("{2150E333-8FDC-42A3-9474-1A3956D46DE8}") = "Services", "Services", "{DED07E3B-D347-4FAA-B6CF-62F84A72E58E}"
EndProject
Project("{2150E333-8FDC-42A3-9474-1A3956D46DE8}") = "Exemple", "Exemple", "{B877929E-95A0-47F7-966D-AEC2B5147C60}"
EndProject
Project("{2150E333-8FDC-42A3-9474-1A3956D46DE8}") = "Domain", "Domain", "{EBBFB587-6C00-4710-AD6B-B4CF59C86A09}"
EndProject
Project("{2150E333-8FDC-42A3-9474-1A3956D46DE8}") = "Infrastructure", "Infrastructure", "{1CB94896-D8DA-43F1-AD77-9DC9C3D8DC2C}"
EndProject
Project("{2150E333-8FDC-42A3-9474-1A3956D46DE8}") = "Test", "Test", "{2AEBBDA8-0A6B-43AF-8AB8-F0DFAE1E775A}"
EndProject
Project("{9A19103F-16F7-4668-BE54-9A1E7A4F7556}") = "Exemple.Domain", "Exemple\Exemple.Domain\Exemple.Domain.csproj", "{50032CFA-88CB-49D0-BE08-A443E57D2E72}"
EndProject
Project("{9A19103F-16F7-4668-BE54-9A1E7A4F7556}") = "Exemple.Application", "Exemple\Exemple.Application\Exemple.Application.csproj", "{6AC361A8-5560-4D6D-BF93-8225771604D8}"
EndProject
Project("{2150E333-8FDC-42A3-9474-1A3956D46DE8}") = "CrossCutting", "CrossCutting", "{44025F43-DB7A-43F1-A478-56CCF22B446D}"
EndProject
Project("{2150E333-8FDC-42A3-9474-1A3956D46DE8}") = "Data", "Data", "{8133AE01-2148-4819-91BA-B7E4222A98AA}"
EndProject
Project("{9A19103F-16F7-4668-BE54-9A1E7A4F7556}") = "Exemple.Infrastructure.CrossCutting.IoC", "Exemple\Exemple.Infrastructure.CrossCutting.IoC\Exemple.Infrastructure.CrossCutting.IoC.csproj", "{C39C3438-1CE6-42AC-9920-9D53B2ECC472}"
EndProject
Project("{9A19103F-16F7-4668-BE54-9A1E7A4F7556}") = "Exemple.Infrastructure.Data.Context", "Exemple\Exemple.Infrastructure.Data.Context\Exemple.Infrastructure.Data.Context.csproj", "{65D22FBE-9FE9-4E61-B972-33B60C251D4B}"
EndProject
Project("{9A19103F-16F7-4668-BE54-9A1E7A4F7556}") = "Exemple.Infrastructure.Data.Repository", "Exemple\Exemple.Infrastructure.Data.Repository\Exemple.Infrastructure.Data.Repository.csproj", "{9B40C107-0C07-4095-8148-5E55BAB0AA4E}"
EndProject
Project("{9A19103F-16F7-4668-BE54-9A1E7A4F7556}") = "Exemple.Infrastructure.Data.Resource", "Exemple\Exemple.Infrastructure.Data.Resource\Exemple.Infrastructure.Data.Resource.csproj", "{67D6CE92-4AA1-406D-B213-2E1C012C4CB5}"
EndProject
Project("{9A19103F-16F7-4668-BE54-9A1E7A4F7556}") = "Presentations.Migrations", "Presentation\Presentations.Migrations\Presentations.Migrations.csproj", "{E32453BD-6564-49F3-BD5B-A70EDD757ACC}"
EndProject
Project("{9A19103F-16F7-4668-BE54-9A1E7A4F7556}") = "Exemple.Test.Domain", "Exemple\Exemple.Test.Domain\Exemple.Test.Domain.csproj", "{487C2237-46A3-45BF-B9BE-DCBE20FC66A3}"
EndProject
Project("{9A19103F-16F7-4668-BE54-9A1E7A4F7556}") = "Presentations.Test", "Presentation\Presentations.Test\Presentations.Test.csproj", "{44FFD239-3D39-48D6-8965-C7AAD861FB22}"
EndProject
Project("{2150E333-8FDC-42A3-9474-1A3956D46DE8}") = "Application", "Application", "{432E662A-21D0-4FA5-98A6-CBB3ED8CE6CC}"
EndProject
Global
	GlobalSection(SolutionConfigurationPlatforms) = preSolution
		Debug|Any CPU = Debug|Any CPU
		Debug|x64 = Debug|x64
		Release|Any CPU = Release|Any CPU
		Release|x64 = Release|x64
	EndGlobalSection
	GlobalSection(ProjectConfigurationPlatforms) = postSolution
		{6E395F5F-97A8-41B2-AB63-74CD2968721B}.Debug|Any CPU.ActiveCfg = Debug|Any CPU
		{6E395F5F-97A8-41B2-AB63-74CD2968721B}.Debug|Any CPU.Build.0 = Debug|Any CPU
		{6E395F5F-97A8-41B2-AB63-74CD2968721B}.Debug|x64.ActiveCfg = Debug|x64
		{6E395F5F-97A8-41B2-AB63-74CD2968721B}.Debug|x64.Build.0 = Debug|x64
		{6E395F5F-97A8-41B2-AB63-74CD2968721B}.Release|Any CPU.ActiveCfg = Release|Any CPU
		{6E395F5F-97A8-41B2-AB63-74CD2968721B}.Release|Any CPU.Build.0 = Release|Any CPU
		{6E395F5F-97A8-41B2-AB63-74CD2968721B}.Release|x64.ActiveCfg = Release|x64
		{6E395F5F-97A8-41B2-AB63-74CD2968721B}.Release|x64.Build.0 = Release|x64
		{50032CFA-88CB-49D0-BE08-A443E57D2E72}.Debug|Any CPU.ActiveCfg = Debug|Any CPU
		{50032CFA-88CB-49D0-BE08-A443E57D2E72}.Debug|Any CPU.Build.0 = Debug|Any CPU
		{50032CFA-88CB-49D0-BE08-A443E57D2E72}.Debug|x64.ActiveCfg = Debug|x64
		{50032CFA-88CB-49D0-BE08-A443E57D2E72}.Debug|x64.Build.0 = Debug|x64
		{50032CFA-88CB-49D0-BE08-A443E57D2E72}.Release|Any CPU.ActiveCfg = Release|Any CPU
		{50032CFA-88CB-49D0-BE08-A443E57D2E72}.Release|Any CPU.Build.0 = Release|Any CPU
		{50032CFA-88CB-49D0-BE08-A443E57D2E72}.Release|x64.ActiveCfg = Release|x64
		{50032CFA-88CB-49D0-BE08-A443E57D2E72}.Release|x64.Build.0 = Release|x64
		{6AC361A8-5560-4D6D-BF93-8225771604D8}.Debug|Any CPU.ActiveCfg = Debug|Any CPU
		{6AC361A8-5560-4D6D-BF93-8225771604D8}.Debug|Any CPU.Build.0 = Debug|Any CPU
		{6AC361A8-5560-4D6D-BF93-8225771604D8}.Debug|x64.ActiveCfg = Debug|x64
		{6AC361A8-5560-4D6D-BF93-8225771604D8}.Debug|x64.Build.0 = Debug|x64
		{6AC361A8-5560-4D6D-BF93-8225771604D8}.Release|Any CPU.ActiveCfg = Release|Any CPU
		{6AC361A8-5560-4D6D-BF93-8225771604D8}.Release|Any CPU.Build.0 = Release|Any CPU
		{6AC361A8-5560-4D6D-BF93-8225771604D8}.Release|x64.ActiveCfg = Release|x64
		{6AC361A8-5560-4D6D-BF93-8225771604D8}.Release|x64.Build.0 = Release|x64
		{C39C3438-1CE6-42AC-9920-9D53B2ECC472}.Debug|Any CPU.ActiveCfg = Debug|Any CPU
		{C39C3438-1CE6-42AC-9920-9D53B2ECC472}.Debug|Any CPU.Build.0 = Debug|Any CPU
		{C39C3438-1CE6-42AC-9920-9D53B2ECC472}.Debug|x64.ActiveCfg = Debug|x64
		{C39C3438-1CE6-42AC-9920-9D53B2ECC472}.Debug|x64.Build.0 = Debug|x64
		{C39C3438-1CE6-42AC-9920-9D53B2ECC472}.Release|Any CPU.ActiveCfg = Release|Any CPU
		{C39C3438-1CE6-42AC-9920-9D53B2ECC472}.Release|Any CPU.Build.0 = Release|Any CPU
		{C39C3438-1CE6-42AC-9920-9D53B2ECC472}.Release|x64.ActiveCfg = Release|x64
		{C39C3438-1CE6-42AC-9920-9D53B2ECC472}.Release|x64.Build.0 = Release|x64
		{65D22FBE-9FE9-4E61-B972-33B60C251D4B}.Debug|Any CPU.ActiveCfg = Debug|Any CPU
		{65D22FBE-9FE9-4E61-B972-33B60C251D4B}.Debug|Any CPU.Build.0 = Debug|Any CPU
		{65D22FBE-9FE9-4E61-B972-33B60C251D4B}.Debug|x64.ActiveCfg = Debug|x64
		{65D22FBE-9FE9-4E61-B972-33B60C251D4B}.Debug|x64.Build.0 = Debug|x64
		{65D22FBE-9FE9-4E61-B972-33B60C251D4B}.Release|Any CPU.ActiveCfg = Release|Any CPU
		{65D22FBE-9FE9-4E61-B972-33B60C251D4B}.Release|Any CPU.Build.0 = Release|Any CPU
		{65D22FBE-9FE9-4E61-B972-33B60C251D4B}.Release|x64.ActiveCfg = Release|x64
		{65D22FBE-9FE9-4E61-B972-33B60C251D4B}.Release|x64.Build.0 = Release|x64
		{9B40C107-0C07-4095-8148-5E55BAB0AA4E}.Debug|Any CPU.ActiveCfg = Debug|Any CPU
		{9B40C107-0C07-4095-8148-5E55BAB0AA4E}.Debug|Any CPU.Build.0 = Debug|Any CPU
		{9B40C107-0C07-4095-8148-5E55BAB0AA4E}.Debug|x64.ActiveCfg = Debug|x64
		{9B40C107-0C07-4095-8148-5E55BAB0AA4E}.Debug|x64.Build.0 = Debug|x64
		{9B40C107-0C07-4095-8148-5E55BAB0AA4E}.Release|Any CPU.ActiveCfg = Release|Any CPU
		{9B40C107-0C07-4095-8148-5E55BAB0AA4E}.Release|Any CPU.Build.0 = Release|Any CPU
		{9B40C107-0C07-4095-8148-5E55BAB0AA4E}.Release|x64.ActiveCfg = Release|x64
		{9B40C107-0C07-4095-8148-5E55BAB0AA4E}.Release|x64.Build.0 = Release|x64
		{67D6CE92-4AA1-406D-B213-2E1C012C4CB5}.Debug|Any CPU.ActiveCfg = Debug|Any CPU
		{67D6CE92-4AA1-406D-B213-2E1C012C4CB5}.Debug|Any CPU.Build.0 = Debug|Any CPU
		{67D6CE92-4AA1-406D-B213-2E1C012C4CB5}.Debug|x64.ActiveCfg = Debug|x64
		{67D6CE92-4AA1-406D-B213-2E1C012C4CB5}.Debug|x64.Build.0 = Debug|x64
		{67D6CE92-4AA1-406D-B213-2E1C012C4CB5}.Release|Any CPU.ActiveCfg = Release|Any CPU
		{67D6CE92-4AA1-406D-B213-2E1C012C4CB5}.Release|Any CPU.Build.0 = Release|Any CPU
		{67D6CE92-4AA1-406D-B213-2E1C012C4CB5}.Release|x64.ActiveCfg = Release|x64
		{67D6CE92-4AA1-406D-B213-2E1C012C4CB5}.Release|x64.Build.0 = Release|x64
		{E32453BD-6564-49F3-BD5B-A70EDD757ACC}.Debug|Any CPU.ActiveCfg = Debug|Any CPU
		{E32453BD-6564-49F3-BD5B-A70EDD757ACC}.Debug|Any CPU.Build.0 = Debug|Any CPU
		{E32453BD-6564-49F3-BD5B-A70EDD757ACC}.Debug|x64.ActiveCfg = Debug|x64
		{E32453BD-6564-49F3-BD5B-A70EDD757ACC}.Debug|x64.Build.0 = Debug|x64
		{E32453BD-6564-49F3-BD5B-A70EDD757ACC}.Release|Any CPU.ActiveCfg = Release|Any CPU
		{E32453BD-6564-49F3-BD5B-A70EDD757ACC}.Release|Any CPU.Build.0 = Release|Any CPU
		{E32453BD-6564-49F3-BD5B-A70EDD757ACC}.Release|x64.ActiveCfg = Release|x64
		{E32453BD-6564-49F3-BD5B-A70EDD757ACC}.Release|x64.Build.0 = Release|x64
		{487C2237-46A3-45BF-B9BE-DCBE20FC66A3}.Debug|Any CPU.ActiveCfg = Debug|Any CPU
		{487C2237-46A3-45BF-B9BE-DCBE20FC66A3}.Debug|Any CPU.Build.0 = Debug|Any CPU
		{487C2237-46A3-45BF-B9BE-DCBE20FC66A3}.Debug|x64.ActiveCfg = Debug|x64
		{487C2237-46A3-45BF-B9BE-DCBE20FC66A3}.Debug|x64.Build.0 = Debug|x64
		{487C2237-46A3-45BF-B9BE-DCBE20FC66A3}.Release|Any CPU.ActiveCfg = Release|Any CPU
		{487C2237-46A3-45BF-B9BE-DCBE20FC66A3}.Release|Any CPU.Build.0 = Release|Any CPU
		{487C2237-46A3-45BF-B9BE-DCBE20FC66A3}.Release|x64.ActiveCfg = Release|Any CPU
		{487C2237-46A3-45BF-B9BE-DCBE20FC66A3}.Release|x64.Build.0 = Release|Any CPU
		{44FFD239-3D39-48D6-8965-C7AAD861FB22}.Debug|Any CPU.ActiveCfg = Debug|Any CPU
		{44FFD239-3D39-48D6-8965-C7AAD861FB22}.Debug|Any CPU.Build.0 = Debug|Any CPU
		{44FFD239-3D39-48D6-8965-C7AAD861FB22}.Debug|x64.ActiveCfg = Debug|x64
		{44FFD239-3D39-48D6-8965-C7AAD861FB22}.Debug|x64.Build.0 = Debug|x64
		{44FFD239-3D39-48D6-8965-C7AAD861FB22}.Release|Any CPU.ActiveCfg = Release|Any CPU
		{44FFD239-3D39-48D6-8965-C7AAD861FB22}.Release|Any CPU.Build.0 = Release|Any CPU
		{44FFD239-3D39-48D6-8965-C7AAD861FB22}.Release|x64.ActiveCfg = Release|Any CPU
		{44FFD239-3D39-48D6-8965-C7AAD861FB22}.Release|x64.Build.0 = Release|Any CPU
	EndGlobalSection
	GlobalSection(SolutionProperties) = preSolution
		HideSolutionNode = FALSE
	EndGlobalSection
	GlobalSection(NestedProjects) = preSolution
		{6E395F5F-97A8-41B2-AB63-74CD2968721B} = {7A686BF3-3A7B-4FF2-99BC-53BE5D31F3AC}
		{B877929E-95A0-47F7-966D-AEC2B5147C60} = {DED07E3B-D347-4FAA-B6CF-62F84A72E58E}
		{EBBFB587-6C00-4710-AD6B-B4CF59C86A09} = {B877929E-95A0-47F7-966D-AEC2B5147C60}
		{1CB94896-D8DA-43F1-AD77-9DC9C3D8DC2C} = {B877929E-95A0-47F7-966D-AEC2B5147C60}
		{2AEBBDA8-0A6B-43AF-8AB8-F0DFAE1E775A} = {B877929E-95A0-47F7-966D-AEC2B5147C60}
		{50032CFA-88CB-49D0-BE08-A443E57D2E72} = {EBBFB587-6C00-4710-AD6B-B4CF59C86A09}
		{6AC361A8-5560-4D6D-BF93-8225771604D8} = {432E662A-21D0-4FA5-98A6-CBB3ED8CE6CC}
		{44025F43-DB7A-43F1-A478-56CCF22B446D} = {1CB94896-D8DA-43F1-AD77-9DC9C3D8DC2C}
		{8133AE01-2148-4819-91BA-B7E4222A98AA} = {1CB94896-D8DA-43F1-AD77-9DC9C3D8DC2C}
		{C39C3438-1CE6-42AC-9920-9D53B2ECC472} = {44025F43-DB7A-43F1-A478-56CCF22B446D}
		{65D22FBE-9FE9-4E61-B972-33B60C251D4B} = {8133AE01-2148-4819-91BA-B7E4222A98AA}
		{9B40C107-0C07-4095-8148-5E55BAB0AA4E} = {8133AE01-2148-4819-91BA-B7E4222A98AA}
		{67D6CE92-4AA1-406D-B213-2E1C012C4CB5} = {8133AE01-2148-4819-91BA-B7E4222A98AA}
		{E32453BD-6564-49F3-BD5B-A70EDD757ACC} = {7A686BF3-3A7B-4FF2-99BC-53BE5D31F3AC}
		{487C2237-46A3-45BF-B9BE-DCBE20FC66A3} = {2AEBBDA8-0A6B-43AF-8AB8-F0DFAE1E775A}
		{44FFD239-3D39-48D6-8965-C7AAD861FB22} = {7A686BF3-3A7B-4FF2-99BC-53BE5D31F3AC}
		{432E662A-21D0-4FA5-98A6-CBB3ED8CE6CC} = {B877929E-95A0-47F7-966D-AEC2B5147C60}
	EndGlobalSection
	GlobalSection(ExtensibilityGlobals) = postSolution
		SolutionGuid = {A5F055B7-E373-407A-8360-EEB66ECB1CB3}
	EndGlobalSection
EndGlobal
